# This file is autogenerated, do not edit; changes may be undone by the next 'dep ensure'.


[[projects]]
  branch = "master"
  digest = "1:1ba1d79f2810270045c328ae5d674321db34e3aae468eb4233883b473c5c0467"
  name = "github.com/golang/glog"
  packages = ["."]
  pruneopts = "UT"
  revision = "23def4e6c14b4da8ac2ed8007337bc5eb5007998"

[[projects]]
  digest = "1:318f1c959a8a740366fce4b1e1eb2fd914036b4af58fbd0a003349b305f118ad"
  name = "github.com/golang/protobuf"
  packages = ["proto"]
  pruneopts = "UT"
  revision = "b5d812f8a3706043e23a9cd5babf2e5423744d30"
  version = "v1.3.1"

[[projects]]
  branch = "master"
  digest = "1:eae0ba7dae229f7daf584f2cd4c774fecefdbe0440c79e3de9cd67048055d51f"
  name = "github.com/prometheus/common"
  packages = ["model"]
  pruneopts = "UT"
  revision = "1ba88736f028e37bc17328369e94a537ae9e0234"

[[projects]]
  branch = "master"
  digest = "1:7b5a2f276ac3a17f0677369ffefc02f38ee930b897238cf9f83eac3b37afbb9f"
  name = "github.com/turbonomic/turbo-go-sdk"
  packages = ["pkg/proto"]
  pruneopts = "UT"
  revision = "579ca3a8764e3db1abd49d3f78526ec336aed2ad"

[solve-meta]
  analyzer-name = "dep"
  analyzer-version = 1
  input-imports = [
    "github.com/golang/glog",
    "github.com/prometheus/common/model",
    "github.com/turbonomic/turbo-go-sdk/pkg/proto",
  ]
  solver-name = "gps-cdcl"
  solver-version = 1
