# This file is autogenerated, do not edit; changes may be undone by the next 'dep ensure'.


[[projects]]
  branch = "master"
  name = "github.com/golang/glog"
  packages = ["."]
  revision = "23def4e6c14b4da8ac2ed8007337bc5eb5007998"

[[projects]]
  branch = "master"
  name = "github.com/prometheus/common"
  packages = ["model"]
  revision = "d811d2e9bf898806ecfb6ef6296774b13ffc314c"

[[projects]]
  branch = "master"
  name = "github.com/songbinliu/xfire"
  packages = ["pkg/prometheus"]
  revision = "1667ae6ade0c27b7c30c514574b9bd3e886b5258"

[solve-meta]
  analyzer-name = "dep"
  analyzer-version = 1
  inputs-digest = "34585941701f3c0324309cbe1eb3d61a180a2001651bfc49e3e83596396533fa"
  solver-name = "gps-cdcl"
  solver-version = 1
